
Microsoft Visual Studio Solution File, Format Version 12.00
# Visual Studio Version 16
VisualStudioVersion = 16.0.32510.428
MinimumVisualStudioVersion = 10.0.40219.1
Project("{FAE04EC0-301F-11D3-BF4B-00C04F79EFBC}") = "ShopServer", "ShopServer\ShopServer.csproj", "{C445E810-5680-4733-A24D-7424EC08CA21}"
EndProject
Project("{FAE04EC0-301F-11D3-BF4B-00C04F79EFBC}") = "ShopClient", "ShopClient\ShopClient.csproj", "{93502983-5AB6-40BC-83AE-C134CB569E1B}"
EndProject
Global
	GlobalSection(SolutionConfigurationPlatforms) = preSolution
		Debug|Any CPU = Debug|Any CPU
		Release|Any CPU = Release|Any CPU
	EndGlobalSection
	GlobalSection(ProjectConfigurationPlatforms) = postSolution
		{C445E810-5680-4733-A24D-7424EC08CA21}.Debug|Any CPU.ActiveCfg = Debug|Any CPU
		{C445E810-5680-4733-A24D-7424EC08CA21}.Debug|Any CPU.Build.0 = Debug|Any CPU
		{C445E810-5680-4733-A24D-7424EC08CA21}.Release|Any CPU.ActiveCfg = Release|Any CPU
		{C445E810-5680-4733-A24D-7424EC08CA21}.Release|Any CPU.Build.0 = Release|Any CPU
		{93502983-5AB6-40BC-83AE-C134CB569E1B}.Debug|Any CPU.ActiveCfg = Debug|Any CPU
		{93502983-5AB6-40BC-83AE-C134CB569E1B}.Debug|Any CPU.Build.0 = Debug|Any CPU
		{93502983-5AB6-40BC-83AE-C134CB569E1B}.Release|Any CPU.ActiveCfg = Release|Any CPU
		{93502983-5AB6-40BC-83AE-C134CB569E1B}.Release|Any CPU.Build.0 = Release|Any CPU
	EndGlobalSection
	GlobalSection(SolutionProperties) = preSolution
		HideSolutionNode = FALSE
	EndGlobalSection
	GlobalSection(ExtensibilityGlobals) = postSolution
		SolutionGuid = {C668A5F6-ACB1-4207-8930-C682C60209DB}
	EndGlobalSection
EndGlobal
